// !$*UTF8*$!
{
	archiveVersion = 1;
	classes = {
	};
	objectVersion = 56;
	objects = {

/* Begin PBXBuildFile section */
		2AF0670E2999C44100D3F3CF /* main.swift in Sources */ = {isa = PBXBuildFile; fileRef = 2AF0670D2999C44100D3F3CF /* main.swift */; };
		2AF067172999C4BD00D3F3CF /* Space.cpp in Sources */ = {isa = PBXBuildFile; fileRef = 2AF067152999C4BD00D3F3CF /* Space.cpp */; };
		2AF0671A2999C54500D3F3CF /* Player.cpp in Sources */ = {isa = PBXBuildFile; fileRef = 2AF067182999C54500D3F3CF /* Player.cpp */; };
		2AF0671D2999C6DC00D3F3CF /* Route.cpp in Sources */ = {isa = PBXBuildFile; fileRef = 2AF0671B2999C6DC00D3F3CF /* Route.cpp */; };
		2AF067232999D15800D3F3CF /* JumpSpace.cpp in Sources */ = {isa = PBXBuildFile; fileRef = 2AF067212999D15800D3F3CF /* JumpSpace.cpp */; };
		2AF067262999D3A500D3F3CF /* ColoredSpace.cpp in Sources */ = {isa = PBXBuildFile; fileRef = 2AF067242999D3A500D3F3CF /* ColoredSpace.cpp */; };
		2AF0672C2999D6ED00D3F3CF /* CircularRoute.cpp in Sources */ = {isa = PBXBuildFile; fileRef = 2AF0672A2999D6ED00D3F3CF /* CircularRoute.cpp */; };
		2AF0672F2999D97800D3F3CF /* BlackSpace.cpp in Sources */ = {isa = PBXBuildFile; fileRef = 2AF0672D2999D97800D3F3CF /* BlackSpace.cpp */; };
		2AF067322999E3FA00D3F3CF /* LinearRoute.cpp in Sources */ = {isa = PBXBuildFile; fileRef = 2AF067302999E3FA00D3F3CF /* LinearRoute.cpp */; };
		2AF067352999F41000D3F3CF /* WheelSpace.cpp in Sources */ = {isa = PBXBuildFile; fileRef = 2AF067332999F41000D3F3CF /* WheelSpace.cpp */; };
		2AF067382999F58600D3F3CF /* Board.cpp in Sources */ = {isa = PBXBuildFile; fileRef = 2AF067362999F58600D3F3CF /* Board.cpp */; };
/* End PBXBuildFile section */

/* Begin PBXCopyFilesBuildPhase section */
		2AF067082999C44100D3F3CF /* CopyFiles */ = {
			isa = PBXCopyFilesBuildPhase;
			buildActionMask = 2147483647;
			dstPath = /usr/share/man/man1/;
			dstSubfolderSpec = 0;
			files = (
			);
			runOnlyForDeploymentPostprocessing = 1;
		};
/* End PBXCopyFilesBuildPhase section */

/* Begin PBXFileReference section */
		2AF0670A2999C44100D3F3CF /* CCPP_Sim */ = {isa = PBXFileReference; explicitFileType = "compiled.mach-o.executable"; includeInIndex = 0; path = CCPP_Sim; sourceTree = BUILT_PRODUCTS_DIR; };
		2AF0670D2999C44100D3F3CF /* main.swift */ = {isa = PBXFileReference; lastKnownFileType = sourcecode.swift; path = main.swift; sourceTree = "<group>"; };
		2AF067142999C4BC00D3F3CF /* CCPP_Sim-Bridging-Header.h */ = {isa = PBXFileReference; lastKnownFileType = sourcecode.c.h; path = "CCPP_Sim-Bridging-Header.h"; sourceTree = "<group>"; };
		2AF067152999C4BD00D3F3CF /* Space.cpp */ = {isa = PBXFileReference; lastKnownFileType = sourcecode.cpp.cpp; path = Space.cpp; sourceTree = "<group>"; };
		2AF067162999C4BD00D3F3CF /* Space.hpp */ = {isa = PBXFileReference; lastKnownFileType = sourcecode.cpp.h; path = Space.hpp; sourceTree = "<group>"; };
		2AF067182999C54500D3F3CF /* Player.cpp */ = {isa = PBXFileReference; lastKnownFileType = sourcecode.cpp.cpp; path = Player.cpp; sourceTree = "<group>"; };
		2AF067192999C54500D3F3CF /* Player.hpp */ = {isa = PBXFileReference; lastKnownFileType = sourcecode.cpp.h; path = Player.hpp; sourceTree = "<group>"; };
		2AF0671B2999C6DC00D3F3CF /* Route.cpp */ = {isa = PBXFileReference; lastKnownFileType = sourcecode.cpp.cpp; path = Route.cpp; sourceTree = "<group>"; };
		2AF0671C2999C6DC00D3F3CF /* Route.hpp */ = {isa = PBXFileReference; lastKnownFileType = sourcecode.cpp.h; path = Route.hpp; sourceTree = "<group>"; };
		2AF067212999D15800D3F3CF /* JumpSpace.cpp */ = {isa = PBXFileReference; lastKnownFileType = sourcecode.cpp.cpp; path = JumpSpace.cpp; sourceTree = "<group>"; };
		2AF067222999D15800D3F3CF /* JumpSpace.hpp */ = {isa = PBXFileReference; lastKnownFileType = sourcecode.cpp.h; path = JumpSpace.hpp; sourceTree = "<group>"; };
		2AF067242999D3A500D3F3CF /* ColoredSpace.cpp */ = {isa = PBXFileReference; lastKnownFileType = sourcecode.cpp.cpp; path = ColoredSpace.cpp; sourceTree = "<group>"; };
		2AF067252999D3A500D3F3CF /* ColoredSpace.hpp */ = {isa = PBXFileReference; lastKnownFileType = sourcecode.cpp.h; path = ColoredSpace.hpp; sourceTree = "<group>"; };
		2AF067282999D66000D3F3CF /* MagicButton.hpp */ = {isa = PBXFileReference; lastKnownFileType = sourcecode.cpp.h; path = MagicButton.hpp; sourceTree = "<group>"; };
		2AF0672A2999D6ED00D3F3CF /* CircularRoute.cpp */ = {isa = PBXFileReference; lastKnownFileType = sourcecode.cpp.cpp; path = CircularRoute.cpp; sourceTree = "<group>"; };
		2AF0672B2999D6ED00D3F3CF /* CircularRoute.hpp */ = {isa = PBXFileReference; lastKnownFileType = sourcecode.cpp.h; path = CircularRoute.hpp; sourceTree = "<group>"; };
		2AF0672D2999D97800D3F3CF /* BlackSpace.cpp */ = {isa = PBXFileReference; lastKnownFileType = sourcecode.cpp.cpp; path = BlackSpace.cpp; sourceTree = "<group>"; };
		2AF0672E2999D97800D3F3CF /* BlackSpace.hpp */ = {isa = PBXFileReference; lastKnownFileType = sourcecode.cpp.h; path = BlackSpace.hpp; sourceTree = "<group>"; };
		2AF067302999E3FA00D3F3CF /* LinearRoute.cpp */ = {isa = PBXFileReference; lastKnownFileType = sourcecode.cpp.cpp; path = LinearRoute.cpp; sourceTree = "<group>"; };
		2AF067312999E3FA00D3F3CF /* LinearRoute.hpp */ = {isa = PBXFileReference; lastKnownFileType = sourcecode.cpp.h; path = LinearRoute.hpp; sourceTree = "<group>"; };
		2AF067332999F41000D3F3CF /* WheelSpace.cpp */ = {isa = PBXFileReference; lastKnownFileType = sourcecode.cpp.cpp; path = WheelSpace.cpp; sourceTree = "<group>"; };
		2AF067342999F41000D3F3CF /* WheelSpace.hpp */ = {isa = PBXFileReference; lastKnownFileType = sourcecode.cpp.h; path = WheelSpace.hpp; sourceTree = "<group>"; };
		2AF067362999F58600D3F3CF /* Board.cpp */ = {isa = PBXFileReference; lastKnownFileType = sourcecode.cpp.cpp; path = Board.cpp; sourceTree = "<group>"; };
		2AF067372999F58600D3F3CF /* Board.hpp */ = {isa = PBXFileReference; lastKnownFileType = sourcecode.cpp.h; path = Board.hpp; sourceTree = "<group>"; };
/* End PBXFileReference section */

/* Begin PBXFrameworksBuildPhase section */
		2AF067072999C44100D3F3CF /* Frameworks */ = {
			isa = PBXFrameworksBuildPhase;
			buildActionMask = 2147483647;
			files = (
			);
			runOnlyForDeploymentPostprocessing = 0;
		};
/* End PBXFrameworksBuildPhase section */

/* Begin PBXGroup section */
		2AF067012999C44100D3F3CF = {
			isa = PBXGroup;
			children = (
				2AF0670C2999C44100D3F3CF /* CCPP_Sim */,
				2AF0670B2999C44100D3F3CF /* Products */,
			);
			sourceTree = "<group>";
		};
		2AF0670B2999C44100D3F3CF /* Products */ = {
			isa = PBXGroup;
			children = (
				2AF0670A2999C44100D3F3CF /* CCPP_Sim */,
			);
			name = Products;
			sourceTree = "<group>";
		};
		2AF0670C2999C44100D3F3CF /* CCPP_Sim */ = {
			isa = PBXGroup;
			children = (
				2AF0670D2999C44100D3F3CF /* main.swift */,
				2AF067212999D15800D3F3CF /* JumpSpace.cpp */,
				2AF067222999D15800D3F3CF /* JumpSpace.hpp */,
				2AF067152999C4BD00D3F3CF /* Space.cpp */,
				2AF067162999C4BD00D3F3CF /* Space.hpp */,
				2AF067142999C4BC00D3F3CF /* CCPP_Sim-Bridging-Header.h */,
				2AF067182999C54500D3F3CF /* Player.cpp */,
				2AF067192999C54500D3F3CF /* Player.hpp */,
				2AF0671B2999C6DC00D3F3CF /* Route.cpp */,
				2AF0671C2999C6DC00D3F3CF /* Route.hpp */,
				2AF067242999D3A500D3F3CF /* ColoredSpace.cpp */,
				2AF067252999D3A500D3F3CF /* ColoredSpace.hpp */,
				2AF0672D2999D97800D3F3CF /* BlackSpace.cpp */,
				2AF067302999E3FA00D3F3CF /* LinearRoute.cpp */,
				2AF067312999E3FA00D3F3CF /* LinearRoute.hpp */,
				2AF0672E2999D97800D3F3CF /* BlackSpace.hpp */,
				2AF0672A2999D6ED00D3F3CF /* CircularRoute.cpp */,
				2AF0672B2999D6ED00D3F3CF /* CircularRoute.hpp */,
				2AF067282999D66000D3F3CF /* MagicButton.hpp */,
				2AF067332999F41000D3F3CF /* WheelSpace.cpp */,
				2AF067342999F41000D3F3CF /* WheelSpace.hpp */,
				2AF067362999F58600D3F3CF /* Board.cpp */,
				2AF067372999F58600D3F3CF /* Board.hpp */,
			);
			path = CCPP_Sim;
			sourceTree = "<group>";
		};
/* End PBXGroup section */

/* Begin PBXNativeTarget section */
		2AF067092999C44100D3F3CF /* CCPP_Sim */ = {
			isa = PBXNativeTarget;
			buildConfigurationList = 2AF067112999C44100D3F3CF /* Build configuration list for PBXNativeTarget "CCPP_Sim" */;
			buildPhases = (
				2AF067062999C44100D3F3CF /* Sources */,
				2AF067072999C44100D3F3CF /* Frameworks */,
				2AF067082999C44100D3F3CF /* CopyFiles */,
			);
			buildRules = (
			);
			dependencies = (
			);
			name = CCPP_Sim;
			productName = CCPP_Sim;
			productReference = 2AF0670A2999C44100D3F3CF /* CCPP_Sim */;
			productType = "com.apple.product-type.tool";
		};
/* End PBXNativeTarget section */

/* Begin PBXProject section */
		2AF067022999C44100D3F3CF /* Project object */ = {
			isa = PBXProject;
			attributes = {
				BuildIndependentTargetsInParallel = 1;
				LastSwiftUpdateCheck = 1420;
				LastUpgradeCheck = 1420;
				TargetAttributes = {
					2AF067092999C44100D3F3CF = {
						CreatedOnToolsVersion = 14.2;
						LastSwiftMigration = 1420;
					};
				};
			};
			buildConfigurationList = 2AF067052999C44100D3F3CF /* Build configuration list for PBXProject "CCPP_Sim" */;
			compatibilityVersion = "Xcode 14.0";
			developmentRegion = en;
			hasScannedForEncodings = 0;
			knownRegions = (
				en,
				Base,
			);
			mainGroup = 2AF067012999C44100D3F3CF;
			productRefGroup = 2AF0670B2999C44100D3F3CF /* Products */;
			projectDirPath = "";
			projectRoot = "";
			targets = (
				2AF067092999C44100D3F3CF /* CCPP_Sim */,
			);
		};
/* End PBXProject section */

/* Begin PBXSourcesBuildPhase section */
		2AF067062999C44100D3F3CF /* Sources */ = {
			isa = PBXSourcesBuildPhase;
			buildActionMask = 2147483647;
			files = (
				2AF067172999C4BD00D3F3CF /* Space.cpp in Sources */,
				2AF067322999E3FA00D3F3CF /* LinearRoute.cpp in Sources */,
				2AF067232999D15800D3F3CF /* JumpSpace.cpp in Sources */,
				2AF0672F2999D97800D3F3CF /* BlackSpace.cpp in Sources */,
				2AF0671D2999C6DC00D3F3CF /* Route.cpp in Sources */,
				2AF067262999D3A500D3F3CF /* ColoredSpace.cpp in Sources */,
				2AF067352999F41000D3F3CF /* WheelSpace.cpp in Sources */,
				2AF067382999F58600D3F3CF /* Board.cpp in Sources */,
				2AF0670E2999C44100D3F3CF /* main.swift in Sources */,
				2AF0672C2999D6ED00D3F3CF /* CircularRoute.cpp in Sources */,
				2AF0671A2999C54500D3F3CF /* Player.cpp in Sources */,
			);
			runOnlyForDeploymentPostprocessing = 0;
		};
/* End PBXSourcesBuildPhase section */

/* Begin XCBuildConfiguration section */
		2AF0670F2999C44100D3F3CF /* Debug */ = {
			isa = XCBuildConfiguration;
			buildSettings = {
				ALWAYS_SEARCH_USER_PATHS = NO;
				CLANG_ANALYZER_NONNULL = YES;
				CLANG_ANALYZER_NUMBER_OBJECT_CONVERSION = YES_AGGRESSIVE;
				CLANG_CXX_LANGUAGE_STANDARD = "gnu++20";
				CLANG_ENABLE_MODULES = YES;
				CLANG_ENABLE_OBJC_ARC = YES;
				CLANG_ENABLE_OBJC_WEAK = YES;
				CLANG_WARN_BLOCK_CAPTURE_AUTORELEASING = YES;
				CLANG_WARN_BOOL_CONVERSION = YES;
				CLANG_WARN_COMMA = YES;
				CLANG_WARN_CONSTANT_CONVERSION = YES;
				CLANG_WARN_DEPRECATED_OBJC_IMPLEMENTATIONS = YES;
				CLANG_WARN_DIRECT_OBJC_ISA_USAGE = YES_ERROR;
				CLANG_WARN_DOCUMENTATION_COMMENTS = YES;
				CLANG_WARN_EMPTY_BODY = YES;
				CLANG_WARN_ENUM_CONVERSION = YES;
				CLANG_WARN_INFINITE_RECURSION = YES;
				CLANG_WARN_INT_CONVERSION = YES;
				CLANG_WARN_NON_LITERAL_NULL_CONVERSION = YES;
				CLANG_WARN_OBJC_IMPLICIT_RETAIN_SELF = YES;
				CLANG_WARN_OBJC_LITERAL_CONVERSION = YES;
				CLANG_WARN_OBJC_ROOT_CLASS = YES_ERROR;
				CLANG_WARN_QUOTED_INCLUDE_IN_FRAMEWORK_HEADER = YES;
				CLANG_WARN_RANGE_LOOP_ANALYSIS = YES;
				CLANG_WARN_STRICT_PROTOTYPES = YES;
				CLANG_WARN_SUSPICIOUS_MOVE = YES;
				CLANG_WARN_UNGUARDED_AVAILABILITY = YES_AGGRESSIVE;
				CLANG_WARN_UNREACHABLE_CODE = YES;
				CLANG_WARN__DUPLICATE_METHOD_MATCH = YES;
				COPY_PHASE_STRIP = NO;
				DEBUG_INFORMATION_FORMAT = dwarf;
				ENABLE_STRICT_OBJC_MSGSEND = YES;
				ENABLE_TESTABILITY = YES;
				GCC_C_LANGUAGE_STANDARD = gnu11;
				GCC_DYNAMIC_NO_PIC = NO;
				GCC_NO_COMMON_BLOCKS = YES;
				GCC_OPTIMIZATION_LEVEL = 0;
				GCC_PREPROCESSOR_DEFINITIONS = (
					"DEBUG=1",
					"$(inherited)",
				);
				GCC_WARN_64_TO_32_BIT_CONVERSION = YES;
				GCC_WARN_ABOUT_RETURN_TYPE = YES_ERROR;
				GCC_WARN_UNDECLARED_SELECTOR = YES;
				GCC_WARN_UNINITIALIZED_AUTOS = YES_AGGRESSIVE;
				GCC_WARN_UNUSED_FUNCTION = YES;
				GCC_WARN_UNUSED_VARIABLE = YES;
				MACOSX_DEPLOYMENT_TARGET = 12.6;
				MTL_ENABLE_DEBUG_INFO = INCLUDE_SOURCE;
				MTL_FAST_MATH = YES;
				ONLY_ACTIVE_ARCH = YES;
				SDKROOT = macosx;
				SWIFT_ACTIVE_COMPILATION_CONDITIONS = DEBUG;
				SWIFT_OPTIMIZATION_LEVEL = "-Onone";
			};
			name = Debug;
		};
		2AF067102999C44100D3F3CF /* Release */ = {
			isa = XCBuildConfiguration;
			buildSettings = {
				ALWAYS_SEARCH_USER_PATHS = NO;
				CLANG_ANALYZER_NONNULL = YES;
				CLANG_ANALYZER_NUMBER_OBJECT_CONVERSION = YES_AGGRESSIVE;
				CLANG_CXX_LANGUAGE_STANDARD = "gnu++20";
				CLANG_ENABLE_MODULES = YES;
				CLANG_ENABLE_OBJC_ARC = YES;
				CLANG_ENABLE_OBJC_WEAK = YES;
				CLANG_WARN_BLOCK_CAPTURE_AUTORELEASING = YES;
				CLANG_WARN_BOOL_CONVERSION = YES;
				CLANG_WARN_COMMA = YES;
				CLANG_WARN_CONSTANT_CONVERSION = YES;
				CLANG_WARN_DEPRECATED_OBJC_IMPLEMENTATIONS = YES;
				CLANG_WARN_DIRECT_OBJC_ISA_USAGE = YES_ERROR;
				CLANG_WARN_DOCUMENTATION_COMMENTS = YES;
				CLANG_WARN_EMPTY_BODY = YES;
				CLANG_WARN_ENUM_CONVERSION = YES;
				CLANG_WARN_INFINITE_RECURSION = YES;
				CLANG_WARN_INT_CONVERSION = YES;
				CLANG_WARN_NON_LITERAL_NULL_CONVERSION = YES;
				CLANG_WARN_OBJC_IMPLICIT_RETAIN_SELF = YES;
				CLANG_WARN_OBJC_LITERAL_CONVERSION = YES;
				CLANG_WARN_OBJC_ROOT_CLASS = YES_ERROR;
				CLANG_WARN_QUOTED_INCLUDE_IN_FRAMEWORK_HEADER = YES;
				CLANG_WARN_RANGE_LOOP_ANALYSIS = YES;
				CLANG_WARN_STRICT_PROTOTYPES = YES;
				CLANG_WARN_SUSPICIOUS_MOVE = YES;
				CLANG_WARN_UNGUARDED_AVAILABILITY = YES_AGGRESSIVE;
				CLANG_WARN_UNREACHABLE_CODE = YES;
				CLANG_WARN__DUPLICATE_METHOD_MATCH = YES;
				COPY_PHASE_STRIP = NO;
				DEBUG_INFORMATION_FORMAT = "dwarf-with-dsym";
				ENABLE_NS_ASSERTIONS = NO;
				ENABLE_STRICT_OBJC_MSGSEND = YES;
				GCC_C_LANGUAGE_STANDARD = gnu11;
				GCC_NO_COMMON_BLOCKS = YES;
				GCC_WARN_64_TO_32_BIT_CONVERSION = YES;
				GCC_WARN_ABOUT_RETURN_TYPE = YES_ERROR;
				GCC_WARN_UNDECLARED_SELECTOR = YES;
				GCC_WARN_UNINITIALIZED_AUTOS = YES_AGGRESSIVE;
				GCC_WARN_UNUSED_FUNCTION = YES;
				GCC_WARN_UNUSED_VARIABLE = YES;
				MACOSX_DEPLOYMENT_TARGET = 12.6;
				MTL_ENABLE_DEBUG_INFO = NO;
				MTL_FAST_MATH = YES;
				SDKROOT = macosx;
				SWIFT_COMPILATION_MODE = wholemodule;
				SWIFT_OPTIMIZATION_LEVEL = "-O";
			};
			name = Release;
		};
		2AF067122999C44100D3F3CF /* Debug */ = {
			isa = XCBuildConfiguration;
			buildSettings = {
				CLANG_ENABLE_MODULES = YES;
				CODE_SIGN_STYLE = Automatic;
				LD_RUNPATH_SEARCH_PATHS = (
					"$(inherited)",
					"@executable_path/../Frameworks",
					"@loader_path/../Frameworks",
				);
				PRODUCT_NAME = "$(TARGET_NAME)";
				SWIFT_OBJC_BRIDGING_HEADER = "CCPP_Sim/CCPP_Sim-Bridging-Header.h";
				SWIFT_OPTIMIZATION_LEVEL = "-Onone";
				SWIFT_VERSION = 5.0;
			};
			name = Debug;
		};
		2AF067132999C44100D3F3CF /* Release */ = {
			isa = XCBuildConfiguration;
			buildSettings = {
				CLANG_ENABLE_MODULES = YES;
				CODE_SIGN_STYLE = Automatic;
				LD_RUNPATH_SEARCH_PATHS = (
					"$(inherited)",
					"@executable_path/../Frameworks",
					"@loader_path/../Frameworks",
				);
				PRODUCT_NAME = "$(TARGET_NAME)";
				SWIFT_OBJC_BRIDGING_HEADER = "CCPP_Sim/CCPP_Sim-Bridging-Header.h";
				SWIFT_VERSION = 5.0;
			};
			name = Release;
		};
/* End XCBuildConfiguration section */

/* Begin XCConfigurationList section */
		2AF067052999C44100D3F3CF /* Build configuration list for PBXProject "CCPP_Sim" */ = {
			isa = XCConfigurationList;
			buildConfigurations = (
				2AF0670F2999C44100D3F3CF /* Debug */,
				2AF067102999C44100D3F3CF /* Release */,
			);
			defaultConfigurationIsVisible = 0;
			defaultConfigurationName = Release;
		};
		2AF067112999C44100D3F3CF /* Build configuration list for PBXNativeTarget "CCPP_Sim" */ = {
			isa = XCConfigurationList;
			buildConfigurations = (
				2AF067122999C44100D3F3CF /* Debug */,
				2AF067132999C44100D3F3CF /* Release */,
			);
			defaultConfigurationIsVisible = 0;
			defaultConfigurationName = Release;
		};
/* End XCConfigurationList section */
	};
	rootObject = 2AF067022999C44100D3F3CF /* Project object */;
}
